
Microsoft Visual Studio Solution File, Format Version 12.00
# Visual Studio Version 16
VisualStudioVersion = 16.0.33423.256
MinimumVisualStudioVersion = 10.0.40219.1
Project("{FAE04EC0-301F-11D3-BF4B-00C04F79EFBC}") = "Calculadora", "Calculadora\Calculadora.csproj", "{52F7029C-AB57-4241-B670-ABF4953A68C5}"
EndProject
Project("{FAE04EC0-301F-11D3-BF4B-00C04F79EFBC}") = "Calculadora.Tests", "Calculadora.Tests\Calculadora.Tests.csproj", "{1C7EA8AE-806B-4935-96D6-A541C3183292}"
EndProject
Global
	GlobalSection(SolutionConfigurationPlatforms) = preSolution
		Debug|Any CPU = Debug|Any CPU
		Release|Any CPU = Release|Any CPU
	EndGlobalSection
	GlobalSection(ProjectConfigurationPlatforms) = postSolution
		{52F7029C-AB57-4241-B670-ABF4953A68C5}.Debug|Any CPU.ActiveCfg = Debug|Any CPU
		{52F7029C-AB57-4241-B670-ABF4953A68C5}.Debug|Any CPU.Build.0 = Debug|Any CPU
		{52F7029C-AB57-4241-B670-ABF4953A68C5}.Release|Any CPU.ActiveCfg = Release|Any CPU
		{52F7029C-AB57-4241-B670-ABF4953A68C5}.Release|Any CPU.Build.0 = Release|Any CPU
		{1C7EA8AE-806B-4935-96D6-A541C3183292}.Debug|Any CPU.ActiveCfg = Debug|Any CPU
		{1C7EA8AE-806B-4935-96D6-A541C3183292}.Debug|Any CPU.Build.0 = Debug|Any CPU
		{1C7EA8AE-806B-4935-96D6-A541C3183292}.Release|Any CPU.ActiveCfg = Release|Any CPU
		{1C7EA8AE-806B-4935-96D6-A541C3183292}.Release|Any CPU.Build.0 = Release|Any CPU
	EndGlobalSection
	GlobalSection(SolutionProperties) = preSolution
		HideSolutionNode = FALSE
	EndGlobalSection
	GlobalSection(ExtensibilityGlobals) = postSolution
		SolutionGuid = {D1E0C4AC-4C32-43EF-B838-E844781FF2AE}
	EndGlobalSection
EndGlobal
